
Microsoft Visual Studio Solution File, Format Version 12.00
# Visual Studio Version 17
VisualStudioVersion = 17.8.34004.107
MinimumVisualStudioVersion = 10.0.40219.1
Project("{FAE04EC0-301F-11D3-BF4B-00C04F79EFBC}") = "UploadImageInAsp.netCore", "UploadImageInAsp.netCore\UploadImageInAsp.netCore.csproj", "{265A6620-6165-4DD0-B0DD-FF16E9BD9E43}"
EndProject
Global
	GlobalSection(SolutionConfigurationPlatforms) = preSolution
		Debug|Any CPU = Debug|Any CPU
		Release|Any CPU = Release|Any CPU
	EndGlobalSection
	GlobalSection(ProjectConfigurationPlatforms) = postSolution
		{265A6620-6165-4DD0-B0DD-FF16E9BD9E43}.Debug|Any CPU.ActiveCfg = Debug|Any CPU
		{265A6620-6165-4DD0-B0DD-FF16E9BD9E43}.Debug|Any CPU.Build.0 = Debug|Any CPU
		{265A6620-6165-4DD0-B0DD-FF16E9BD9E43}.Release|Any CPU.ActiveCfg = Release|Any CPU
		{265A6620-6165-4DD0-B0DD-FF16E9BD9E43}.Release|Any CPU.Build.0 = Release|Any CPU
	EndGlobalSection
	GlobalSection(SolutionProperties) = preSolution
		HideSolutionNode = FALSE
	EndGlobalSection
	GlobalSection(ExtensibilityGlobals) = postSolution
		SolutionGuid = {27048448-D5A8-47C3-8A99-4817A017F853}
	EndGlobalSection
EndGlobal
